// !$*UTF8*$!
{
	archiveVersion = 1;
	classes = {
	};
	objectVersion = 51;
	objects = {

/* Begin PBXBuildFile section */
		1B5F59A04AFED12DA114D0EF /* Pods_IGListExample.framework in Frameworks */ = {isa = PBXBuildFile; fileRef = 767FDDB8691D39B3A95FD42E /* Pods_IGListExample.framework */; };
		693456CB2435C94900255BDB /* NewsDetailVC.swift in Sources */ = {isa = PBXBuildFile; fileRef = 693456CA2435C94900255BDB /* NewsDetailVC.swift */; };
		693456CF2435D56C00255BDB /* NewsDetailHeaderCell.swift in Sources */ = {isa = PBXBuildFile; fileRef = 693456CD2435D56C00255BDB /* NewsDetailHeaderCell.swift */; };
		693456D02435D56C00255BDB /* NewsDetailHeaderCell.xib in Resources */ = {isa = PBXBuildFile; fileRef = 693456CE2435D56C00255BDB /* NewsDetailHeaderCell.xib */; };
		693456D224360C2400255BDB /* BaseViewController.swift in Sources */ = {isa = PBXBuildFile; fileRef = 693456D124360C2400255BDB /* BaseViewController.swift */; };
		6986B8E824324BB000F77E35 /* PreventCovid.swift in Sources */ = {isa = PBXBuildFile; fileRef = 6986B8E724324BB000F77E35 /* PreventCovid.swift */; };
		6986B8EB243251E100F77E35 /* HomeViewModel.swift in Sources */ = {isa = PBXBuildFile; fileRef = 6986B8EA243251E100F77E35 /* HomeViewModel.swift */; };
		6986B8ED2432535800F77E35 /* EmbedRequirementsSC.swift in Sources */ = {isa = PBXBuildFile; fileRef = 6986B8EC2432535800F77E35 /* EmbedRequirementsSC.swift */; };
		6986B8F0243255B900F77E35 /* HomeRequirementsCell.swift in Sources */ = {isa = PBXBuildFile; fileRef = 6986B8EE243255B900F77E35 /* HomeRequirementsCell.swift */; };
		6986B8F1243255B900F77E35 /* HomeRequirementsCell.xib in Resources */ = {isa = PBXBuildFile; fileRef = 6986B8EF243255B900F77E35 /* HomeRequirementsCell.xib */; };
		6987FA00242EF8640090E206 /* AppDelegate.swift in Sources */ = {isa = PBXBuildFile; fileRef = 6987F9FF242EF8640090E206 /* AppDelegate.swift */; };
		6987FA02242EF8640090E206 /* SceneDelegate.swift in Sources */ = {isa = PBXBuildFile; fileRef = 6987FA01242EF8640090E206 /* SceneDelegate.swift */; };
		6987FA09242EF86A0090E206 /* Assets.xcassets in Resources */ = {isa = PBXBuildFile; fileRef = 6987FA08242EF86A0090E206 /* Assets.xcassets */; };
		6987FA0C242EF86A0090E206 /* LaunchScreen.storyboard in Resources */ = {isa = PBXBuildFile; fileRef = 6987FA0A242EF86A0090E206 /* LaunchScreen.storyboard */; };
		6987FA18242F12040090E206 /* UIViewController+NavigationBar.swift in Sources */ = {isa = PBXBuildFile; fileRef = 6987FA17242F12040090E206 /* UIViewController+NavigationBar.swift */; };
		6997E7142436F2FB004D7F26 /* UIBarButtonItem+Button.swift in Sources */ = {isa = PBXBuildFile; fileRef = 6997E7132436F2FB004D7F26 /* UIBarButtonItem+Button.swift */; };
		69CB2AE0243020CD00CA6B82 /* HomeSectionController.swift in Sources */ = {isa = PBXBuildFile; fileRef = 69CB2ADF243020CD00CA6B82 /* HomeSectionController.swift */; };
		69CB2AE2243026CF00CA6B82 /* EmbedPreventCovidSC.swift in Sources */ = {isa = PBXBuildFile; fileRef = 69CB2AE1243026CF00CA6B82 /* EmbedPreventCovidSC.swift */; };
		69CB2AE72430282100CA6B82 /* HomePreventCovidItemCell.swift in Sources */ = {isa = PBXBuildFile; fileRef = 69CB2AE52430282100CA6B82 /* HomePreventCovidItemCell.swift */; };
		69CB2AE82430282100CA6B82 /* HomePreventCovidItemCell.xib in Resources */ = {isa = PBXBuildFile; fileRef = 69CB2AE62430282100CA6B82 /* HomePreventCovidItemCell.xib */; };
		69CB2AEF24306A2B00CA6B82 /* HomePreventCovidCell.swift in Sources */ = {isa = PBXBuildFile; fileRef = 69CB2AED24306A2B00CA6B82 /* HomePreventCovidCell.swift */; };
		69CB2AF024306A2B00CA6B82 /* HomePreventCovidCell.xib in Resources */ = {isa = PBXBuildFile; fileRef = 69CB2AEE24306A2B00CA6B82 /* HomePreventCovidCell.xib */; };
		69E810562432F07100CA3F90 /* HomeRequirementItemCell.swift in Sources */ = {isa = PBXBuildFile; fileRef = 69E810542432F07100CA3F90 /* HomeRequirementItemCell.swift */; };
		69E810572432F07100CA3F90 /* HomeRequirementItemCell.xib in Resources */ = {isa = PBXBuildFile; fileRef = 69E810552432F07100CA3F90 /* HomeRequirementItemCell.xib */; };
		69E8105A243301F200CA3F90 /* HomeNewsCell.swift in Sources */ = {isa = PBXBuildFile; fileRef = 69E81058243301F200CA3F90 /* HomeNewsCell.swift */; };
		69E8105B243301F200CA3F90 /* HomeNewsCell.xib in Resources */ = {isa = PBXBuildFile; fileRef = 69E81059243301F200CA3F90 /* HomeNewsCell.xib */; };
		69E8105D243302E400CA3F90 /* EmbedNewsSC.swift in Sources */ = {isa = PBXBuildFile; fileRef = 69E8105C243302E400CA3F90 /* EmbedNewsSC.swift */; };
		69E810622433037300CA3F90 /* HomeNewsItemCell.swift in Sources */ = {isa = PBXBuildFile; fileRef = 69E810602433037300CA3F90 /* HomeNewsItemCell.swift */; };
		69E810632433037300CA3F90 /* HomeNewsItemCell.xib in Resources */ = {isa = PBXBuildFile; fileRef = 69E810612433037300CA3F90 /* HomeNewsItemCell.xib */; };
		69E810662433088500CA3F90 /* R.generated.swift in Sources */ = {isa = PBXBuildFile; fileRef = 69E810652433088500CA3F90 /* R.generated.swift */; };
		69EFD2B4242FADF400D66148 /* HomeViewController.swift in Sources */ = {isa = PBXBuildFile; fileRef = 69EFD2B2242FADF400D66148 /* HomeViewController.swift */; };
		69EFD2B5242FADF400D66148 /* HomeViewController.xib in Resources */ = {isa = PBXBuildFile; fileRef = 69EFD2B3242FADF400D66148 /* HomeViewController.xib */; };
/* End PBXBuildFile section */

/* Begin PBXFileReference section */
		26117A273B6C1FC6096E3ED9 /* Pods-IGListExample.debug.xcconfig */ = {isa = PBXFileReference; includeInIndex = 1; lastKnownFileType = text.xcconfig; name = "Pods-IGListExample.debug.xcconfig"; path = "Target Support Files/Pods-IGListExample/Pods-IGListExample.debug.xcconfig"; sourceTree = "<group>"; };
		693456CA2435C94900255BDB /* NewsDetailVC.swift */ = {isa = PBXFileReference; lastKnownFileType = sourcecode.swift; path = NewsDetailVC.swift; sourceTree = "<group>"; };
		693456CD2435D56C00255BDB /* NewsDetailHeaderCell.swift */ = {isa = PBXFileReference; lastKnownFileType = sourcecode.swift; path = NewsDetailHeaderCell.swift; sourceTree = "<group>"; };
		693456CE2435D56C00255BDB /* NewsDetailHeaderCell.xib */ = {isa = PBXFileReference; lastKnownFileType = file.xib; path = NewsDetailHeaderCell.xib; sourceTree = "<group>"; };
		693456D124360C2400255BDB /* BaseViewController.swift */ = {isa = PBXFileReference; lastKnownFileType = sourcecode.swift; path = BaseViewController.swift; sourceTree = "<group>"; };
		6986B8E724324BB000F77E35 /* PreventCovid.swift */ = {isa = PBXFileReference; lastKnownFileType = sourcecode.swift; path = PreventCovid.swift; sourceTree = "<group>"; };
		6986B8EA243251E100F77E35 /* HomeViewModel.swift */ = {isa = PBXFileReference; lastKnownFileType = sourcecode.swift; path = HomeViewModel.swift; sourceTree = "<group>"; };
		6986B8EC2432535800F77E35 /* EmbedRequirementsSC.swift */ = {isa = PBXFileReference; lastKnownFileType = sourcecode.swift; path = EmbedRequirementsSC.swift; sourceTree = "<group>"; };
		6986B8EE243255B900F77E35 /* HomeRequirementsCell.swift */ = {isa = PBXFileReference; lastKnownFileType = sourcecode.swift; path = HomeRequirementsCell.swift; sourceTree = "<group>"; };
		6986B8EF243255B900F77E35 /* HomeRequirementsCell.xib */ = {isa = PBXFileReference; lastKnownFileType = file.xib; path = HomeRequirementsCell.xib; sourceTree = "<group>"; };
		6987F9FC242EF8640090E206 /* IGListExample.app */ = {isa = PBXFileReference; explicitFileType = wrapper.application; includeInIndex = 0; path = IGListExample.app; sourceTree = BUILT_PRODUCTS_DIR; };
		6987F9FF242EF8640090E206 /* AppDelegate.swift */ = {isa = PBXFileReference; lastKnownFileType = sourcecode.swift; path = AppDelegate.swift; sourceTree = "<group>"; };
		6987FA01242EF8640090E206 /* SceneDelegate.swift */ = {isa = PBXFileReference; lastKnownFileType = sourcecode.swift; path = SceneDelegate.swift; sourceTree = "<group>"; };
		6987FA08242EF86A0090E206 /* Assets.xcassets */ = {isa = PBXFileReference; lastKnownFileType = folder.assetcatalog; path = Assets.xcassets; sourceTree = "<group>"; };
		6987FA0B242EF86A0090E206 /* Base */ = {isa = PBXFileReference; lastKnownFileType = file.storyboard; name = Base; path = Base.lproj/LaunchScreen.storyboard; sourceTree = "<group>"; };
		6987FA0D242EF86A0090E206 /* Info.plist */ = {isa = PBXFileReference; lastKnownFileType = text.plist.xml; path = Info.plist; sourceTree = "<group>"; };
		6987FA17242F12040090E206 /* UIViewController+NavigationBar.swift */ = {isa = PBXFileReference; lastKnownFileType = sourcecode.swift; path = "UIViewController+NavigationBar.swift"; sourceTree = "<group>"; };
		6997E7132436F2FB004D7F26 /* UIBarButtonItem+Button.swift */ = {isa = PBXFileReference; lastKnownFileType = sourcecode.swift; path = "UIBarButtonItem+Button.swift"; sourceTree = "<group>"; };
		69CB2ADF243020CD00CA6B82 /* HomeSectionController.swift */ = {isa = PBXFileReference; lastKnownFileType = sourcecode.swift; path = HomeSectionController.swift; sourceTree = "<group>"; };
		69CB2AE1243026CF00CA6B82 /* EmbedPreventCovidSC.swift */ = {isa = PBXFileReference; lastKnownFileType = sourcecode.swift; path = EmbedPreventCovidSC.swift; sourceTree = "<group>"; };
		69CB2AE52430282100CA6B82 /* HomePreventCovidItemCell.swift */ = {isa = PBXFileReference; lastKnownFileType = sourcecode.swift; path = HomePreventCovidItemCell.swift; sourceTree = "<group>"; };
		69CB2AE62430282100CA6B82 /* HomePreventCovidItemCell.xib */ = {isa = PBXFileReference; lastKnownFileType = file.xib; path = HomePreventCovidItemCell.xib; sourceTree = "<group>"; };
		69CB2AED24306A2B00CA6B82 /* HomePreventCovidCell.swift */ = {isa = PBXFileReference; lastKnownFileType = sourcecode.swift; path = HomePreventCovidCell.swift; sourceTree = "<group>"; };
		69CB2AEE24306A2B00CA6B82 /* HomePreventCovidCell.xib */ = {isa = PBXFileReference; lastKnownFileType = file.xib; path = HomePreventCovidCell.xib; sourceTree = "<group>"; };
		69E810542432F07100CA3F90 /* HomeRequirementItemCell.swift */ = {isa = PBXFileReference; lastKnownFileType = sourcecode.swift; path = HomeRequirementItemCell.swift; sourceTree = "<group>"; };
		69E810552432F07100CA3F90 /* HomeRequirementItemCell.xib */ = {isa = PBXFileReference; lastKnownFileType = file.xib; path = HomeRequirementItemCell.xib; sourceTree = "<group>"; };
		69E81058243301F200CA3F90 /* HomeNewsCell.swift */ = {isa = PBXFileReference; lastKnownFileType = sourcecode.swift; path = HomeNewsCell.swift; sourceTree = "<group>"; };
		69E81059243301F200CA3F90 /* HomeNewsCell.xib */ = {isa = PBXFileReference; lastKnownFileType = file.xib; path = HomeNewsCell.xib; sourceTree = "<group>"; };
		69E8105C243302E400CA3F90 /* EmbedNewsSC.swift */ = {isa = PBXFileReference; lastKnownFileType = sourcecode.swift; path = EmbedNewsSC.swift; sourceTree = "<group>"; };
		69E810602433037300CA3F90 /* HomeNewsItemCell.swift */ = {isa = PBXFileReference; lastKnownFileType = sourcecode.swift; path = HomeNewsItemCell.swift; sourceTree = "<group>"; };
		69E810612433037300CA3F90 /* HomeNewsItemCell.xib */ = {isa = PBXFileReference; lastKnownFileType = file.xib; path = HomeNewsItemCell.xib; sourceTree = "<group>"; };
		69E810652433088500CA3F90 /* R.generated.swift */ = {isa = PBXFileReference; fileEncoding = 4; lastKnownFileType = sourcecode.swift; path = R.generated.swift; sourceTree = "<group>"; };
		69EFD2B2242FADF400D66148 /* HomeViewController.swift */ = {isa = PBXFileReference; lastKnownFileType = sourcecode.swift; path = HomeViewController.swift; sourceTree = "<group>"; };
		69EFD2B3242FADF400D66148 /* HomeViewController.xib */ = {isa = PBXFileReference; lastKnownFileType = file.xib; path = HomeViewController.xib; sourceTree = "<group>"; };
		767FDDB8691D39B3A95FD42E /* Pods_IGListExample.framework */ = {isa = PBXFileReference; explicitFileType = wrapper.framework; includeInIndex = 0; path = Pods_IGListExample.framework; sourceTree = BUILT_PRODUCTS_DIR; };
		B108D72D0872C001F28F98B9 /* Pods-IGListExample.release.xcconfig */ = {isa = PBXFileReference; includeInIndex = 1; lastKnownFileType = text.xcconfig; name = "Pods-IGListExample.release.xcconfig"; path = "Target Support Files/Pods-IGListExample/Pods-IGListExample.release.xcconfig"; sourceTree = "<group>"; };
/* End PBXFileReference section */

/* Begin PBXFrameworksBuildPhase section */
		6987F9F9242EF8640090E206 /* Frameworks */ = {
			isa = PBXFrameworksBuildPhase;
			buildActionMask = 2147483647;
			files = (
				1B5F59A04AFED12DA114D0EF /* Pods_IGListExample.framework in Frameworks */,
			);
			runOnlyForDeploymentPostprocessing = 0;
		};
/* End PBXFrameworksBuildPhase section */

/* Begin PBXGroup section */
		43C7C21D2B45927570013EB4 /* Frameworks */ = {
			isa = PBXGroup;
			children = (
				767FDDB8691D39B3A95FD42E /* Pods_IGListExample.framework */,
			);
			name = Frameworks;
			sourceTree = "<group>";
		};
		693456CC2435D51D00255BDB /* Detail */ = {
			isa = PBXGroup;
			children = (
				693456CD2435D56C00255BDB /* NewsDetailHeaderCell.swift */,
				693456CE2435D56C00255BDB /* NewsDetailHeaderCell.xib */,
			);
			path = Detail;
			sourceTree = "<group>";
		};
		6986B8E424324B7800F77E35 /* Model */ = {
			isa = PBXGroup;
			children = (
				6986B8E724324BB000F77E35 /* PreventCovid.swift */,
			);
			path = Model;
			sourceTree = "<group>";
		};
		6986B8E9243251CD00F77E35 /* ViewModel */ = {
			isa = PBXGroup;
			children = (
				6986B8EA243251E100F77E35 /* HomeViewModel.swift */,
			);
			path = ViewModel;
			sourceTree = "<group>";
		};
		6987F9F3242EF8640090E206 = {
			isa = PBXGroup;
			children = (
				69E810652433088500CA3F90 /* R.generated.swift */,
				6987F9FE242EF8640090E206 /* IGListExample */,
				6987F9FD242EF8640090E206 /* Products */,
				FF7A0E019D3953EDFCDB0272 /* Pods */,
				43C7C21D2B45927570013EB4 /* Frameworks */,
			);
			sourceTree = "<group>";
		};
		6987F9FD242EF8640090E206 /* Products */ = {
			isa = PBXGroup;
			children = (
				6987F9FC242EF8640090E206 /* IGListExample.app */,
			);
			name = Products;
			sourceTree = "<group>";
		};
		6987F9FE242EF8640090E206 /* IGListExample */ = {
			isa = PBXGroup;
			children = (
				6987FA16242F11E50090E206 /* Extensions */,
				6986B8E424324B7800F77E35 /* Model */,
				6986B8E9243251CD00F77E35 /* ViewModel */,
				69CB2AE3243027F800CA6B82 /* Views */,
				6987FA15242EFB500090E206 /* ViewControllers */,
				6987F9FF242EF8640090E206 /* AppDelegate.swift */,
				6987FA01242EF8640090E206 /* SceneDelegate.swift */,
				6987FA08242EF86A0090E206 /* Assets.xcassets */,
				6987FA0A242EF86A0090E206 /* LaunchScreen.storyboard */,
				6987FA0D242EF86A0090E206 /* Info.plist */,
			);
			path = IGListExample;
			sourceTree = "<group>";
		};
		6987FA15242EFB500090E206 /* ViewControllers */ = {
			isa = PBXGroup;
			children = (
				69E810682433B0B400CA3F90 /* Detail */,
				69E810672433B0AC00CA3F90 /* Home */,
				69EFD2B2242FADF400D66148 /* HomeViewController.swift */,
				69EFD2B3242FADF400D66148 /* HomeViewController.xib */,
				69CB2ADF243020CD00CA6B82 /* HomeSectionController.swift */,
				69CB2AE1243026CF00CA6B82 /* EmbedPreventCovidSC.swift */,
				6986B8EC2432535800F77E35 /* EmbedRequirementsSC.swift */,
				69E8105C243302E400CA3F90 /* EmbedNewsSC.swift */,
				693456D124360C2400255BDB /* BaseViewController.swift */,
			);
			path = ViewControllers;
			sourceTree = "<group>";
		};
		6987FA16242F11E50090E206 /* Extensions */ = {
			isa = PBXGroup;
			children = (
				6987FA17242F12040090E206 /* UIViewController+NavigationBar.swift */,
				6997E7132436F2FB004D7F26 /* UIBarButtonItem+Button.swift */,
			);
			path = Extensions;
			sourceTree = "<group>";
		};
		69CB2AE3243027F800CA6B82 /* Views */ = {
			isa = PBXGroup;
			children = (
				693456CC2435D51D00255BDB /* Detail */,
				69CB2AE4243027FD00CA6B82 /* Home */,
			);
			path = Views;
			sourceTree = "<group>";
		};
		69CB2AE4243027FD00CA6B82 /* Home */ = {
			isa = PBXGroup;
			children = (
				69CB2AED24306A2B00CA6B82 /* HomePreventCovidCell.swift */,
				69CB2AEE24306A2B00CA6B82 /* HomePreventCovidCell.xib */,
				69CB2AE52430282100CA6B82 /* HomePreventCovidItemCell.swift */,
				69CB2AE62430282100CA6B82 /* HomePreventCovidItemCell.xib */,
				6986B8EE243255B900F77E35 /* HomeRequirementsCell.swift */,
				6986B8EF243255B900F77E35 /* HomeRequirementsCell.xib */,
				69E810542432F07100CA3F90 /* HomeRequirementItemCell.swift */,
				69E810552432F07100CA3F90 /* HomeRequirementItemCell.xib */,
				69E81058243301F200CA3F90 /* HomeNewsCell.swift */,
				69E81059243301F200CA3F90 /* HomeNewsCell.xib */,
				69E810602433037300CA3F90 /* HomeNewsItemCell.swift */,
				69E810612433037300CA3F90 /* HomeNewsItemCell.xib */,
			);
			path = Home;
			sourceTree = "<group>";
		};
		69E810672433B0AC00CA3F90 /* Home */ = {
			isa = PBXGroup;
			children = (
			);
			path = Home;
			sourceTree = "<group>";
		};
		69E810682433B0B400CA3F90 /* Detail */ = {
			isa = PBXGroup;
			children = (
				693456CA2435C94900255BDB /* NewsDetailVC.swift */,
			);
			path = Detail;
			sourceTree = "<group>";
		};
		FF7A0E019D3953EDFCDB0272 /* Pods */ = {
			isa = PBXGroup;
			children = (
				26117A273B6C1FC6096E3ED9 /* Pods-IGListExample.debug.xcconfig */,
				B108D72D0872C001F28F98B9 /* Pods-IGListExample.release.xcconfig */,
			);
			path = Pods;
			sourceTree = "<group>";
		};
/* End PBXGroup section */

/* Begin PBXNativeTarget section */
		6987F9FB242EF8640090E206 /* IGListExample */ = {
			isa = PBXNativeTarget;
			buildConfigurationList = 6987FA10242EF86A0090E206 /* Build configuration list for PBXNativeTarget "IGListExample" */;
			buildPhases = (
				6CE32F0337FC071137A90699 /* [CP] Check Pods Manifest.lock */,
				69E810642433075A00CA3F90 /* ShellScript */,
				6987F9F8242EF8640090E206 /* Sources */,
				6987F9F9242EF8640090E206 /* Frameworks */,
				6987F9FA242EF8640090E206 /* Resources */,
				080FF64A19DD5F76270CEB48 /* [CP] Embed Pods Frameworks */,
			);
			buildRules = (
			);
			dependencies = (
			);
			name = IGListExample;
			productName = IGListExample;
			productReference = 6987F9FC242EF8640090E206 /* IGListExample.app */;
			productType = "com.apple.product-type.application";
		};
/* End PBXNativeTarget section */

/* Begin PBXProject section */
		6987F9F4242EF8640090E206 /* Project object */ = {
			isa = PBXProject;
			attributes = {
				LastSwiftUpdateCheck = 1130;
				LastUpgradeCheck = 1130;
				ORGANIZATIONNAME = Rohmts;
				TargetAttributes = {
					6987F9FB242EF8640090E206 = {
						CreatedOnToolsVersion = 11.3.1;
					};
				};
			};
			buildConfigurationList = 6987F9F7242EF8640090E206 /* Build configuration list for PBXProject "IGListExample" */;
			compatibilityVersion = "Xcode 9.3";
			developmentRegion = en;
			hasScannedForEncodings = 0;
			knownRegions = (
				en,
				Base,
			);
			mainGroup = 6987F9F3242EF8640090E206;
			productRefGroup = 6987F9FD242EF8640090E206 /* Products */;
			projectDirPath = "";
			projectRoot = "";
			targets = (
				6987F9FB242EF8640090E206 /* IGListExample */,
			);
		};
/* End PBXProject section */

/* Begin PBXResourcesBuildPhase section */
		6987F9FA242EF8640090E206 /* Resources */ = {
			isa = PBXResourcesBuildPhase;
			buildActionMask = 2147483647;
			files = (
				6987FA0C242EF86A0090E206 /* LaunchScreen.storyboard in Resources */,
				69EFD2B5242FADF400D66148 /* HomeViewController.xib in Resources */,
				69CB2AE82430282100CA6B82 /* HomePreventCovidItemCell.xib in Resources */,
				69CB2AF024306A2B00CA6B82 /* HomePreventCovidCell.xib in Resources */,
				693456D02435D56C00255BDB /* NewsDetailHeaderCell.xib in Resources */,
				6986B8F1243255B900F77E35 /* HomeRequirementsCell.xib in Resources */,
				69E810632433037300CA3F90 /* HomeNewsItemCell.xib in Resources */,
				6987FA09242EF86A0090E206 /* Assets.xcassets in Resources */,
				69E810572432F07100CA3F90 /* HomeRequirementItemCell.xib in Resources */,
				69E8105B243301F200CA3F90 /* HomeNewsCell.xib in Resources */,
			);
			runOnlyForDeploymentPostprocessing = 0;
		};
/* End PBXResourcesBuildPhase section */

/* Begin PBXShellScriptBuildPhase section */
		080FF64A19DD5F76270CEB48 /* [CP] Embed Pods Frameworks */ = {
			isa = PBXShellScriptBuildPhase;
			buildActionMask = 2147483647;
			files = (
			);
			inputFileListPaths = (
				"${PODS_ROOT}/Target Support Files/Pods-IGListExample/Pods-IGListExample-frameworks-${CONFIGURATION}-input-files.xcfilelist",
			);
			name = "[CP] Embed Pods Frameworks";
			outputFileListPaths = (
				"${PODS_ROOT}/Target Support Files/Pods-IGListExample/Pods-IGListExample-frameworks-${CONFIGURATION}-output-files.xcfilelist",
			);
			runOnlyForDeploymentPostprocessing = 0;
			shellPath = /bin/sh;
			shellScript = "\"${PODS_ROOT}/Target Support Files/Pods-IGListExample/Pods-IGListExample-frameworks.sh\"\n";
			showEnvVarsInLog = 0;
		};
		69E810642433075A00CA3F90 /* ShellScript */ = {
			isa = PBXShellScriptBuildPhase;
			buildActionMask = 2147483647;
			files = (
			);
			inputFileListPaths = (
			);
			inputPaths = (
				"$TEMP_DIR/rswift-lastrun",
			);
			outputFileListPaths = (
			);
			outputPaths = (
				$SRCROOT/R.generated.swift,
			);
			runOnlyForDeploymentPostprocessing = 0;
			shellPath = /bin/sh;
			shellScript = "\"$PODS_ROOT/R.swift/rswift\" generate \"$SRCROOT/R.generated.swift\"\n";
		};
		6CE32F0337FC071137A90699 /* [CP] Check Pods Manifest.lock */ = {
			isa = PBXShellScriptBuildPhase;
			buildActionMask = 2147483647;
			files = (
			);
			inputFileListPaths = (
			);
			inputPaths = (
				"${PODS_PODFILE_DIR_PATH}/Podfile.lock",
				"${PODS_ROOT}/Manifest.lock",
			);
			name = "[CP] Check Pods Manifest.lock";
			outputFileListPaths = (
			);
			outputPaths = (
				"$(DERIVED_FILE_DIR)/Pods-IGListExample-checkManifestLockResult.txt",
			);
			runOnlyForDeploymentPostprocessing = 0;
			shellPath = /bin/sh;
			shellScript = "diff \"${PODS_PODFILE_DIR_PATH}/Podfile.lock\" \"${PODS_ROOT}/Manifest.lock\" > /dev/null\nif [ $? != 0 ] ; then\n    # print error to STDERR\n    echo \"error: The sandbox is not in sync with the Podfile.lock. Run 'pod install' or update your CocoaPods installation.\" >&2\n    exit 1\nfi\n# This output is used by Xcode 'outputs' to avoid re-running this script phase.\necho \"SUCCESS\" > \"${SCRIPT_OUTPUT_FILE_0}\"\n";
			showEnvVarsInLog = 0;
		};
/* End PBXShellScriptBuildPhase section */

/* Begin PBXSourcesBuildPhase section */
		6987F9F8242EF8640090E206 /* Sources */ = {
			isa = PBXSourcesBuildPhase;
			buildActionMask = 2147483647;
			files = (
				6987FA18242F12040090E206 /* UIViewController+NavigationBar.swift in Sources */,
				69CB2AE72430282100CA6B82 /* HomePreventCovidItemCell.swift in Sources */,
				6987FA00242EF8640090E206 /* AppDelegate.swift in Sources */,
				69E810562432F07100CA3F90 /* HomeRequirementItemCell.swift in Sources */,
				6986B8EB243251E100F77E35 /* HomeViewModel.swift in Sources */,
				693456D224360C2400255BDB /* BaseViewController.swift in Sources */,
				69CB2AE2243026CF00CA6B82 /* EmbedPreventCovidSC.swift in Sources */,
				69E810622433037300CA3F90 /* HomeNewsItemCell.swift in Sources */,
				693456CF2435D56C00255BDB /* NewsDetailHeaderCell.swift in Sources */,
				6987FA02242EF8640090E206 /* SceneDelegate.swift in Sources */,
				6997E7142436F2FB004D7F26 /* UIBarButtonItem+Button.swift in Sources */,
				69E810662433088500CA3F90 /* R.generated.swift in Sources */,
				69E8105D243302E400CA3F90 /* EmbedNewsSC.swift in Sources */,
				693456CB2435C94900255BDB /* NewsDetailVC.swift in Sources */,
				6986B8F0243255B900F77E35 /* HomeRequirementsCell.swift in Sources */,
				69CB2AE0243020CD00CA6B82 /* HomeSectionController.swift in Sources */,
				69E8105A243301F200CA3F90 /* HomeNewsCell.swift in Sources */,
				6986B8E824324BB000F77E35 /* PreventCovid.swift in Sources */,
				69EFD2B4242FADF400D66148 /* HomeViewController.swift in Sources */,
				69CB2AEF24306A2B00CA6B82 /* HomePreventCovidCell.swift in Sources */,
				6986B8ED2432535800F77E35 /* EmbedRequirementsSC.swift in Sources */,
			);
			runOnlyForDeploymentPostprocessing = 0;
		};
/* End PBXSourcesBuildPhase section */

/* Begin PBXVariantGroup section */
		6987FA0A242EF86A0090E206 /* LaunchScreen.storyboard */ = {
			isa = PBXVariantGroup;
			children = (
				6987FA0B242EF86A0090E206 /* Base */,
			);
			name = LaunchScreen.storyboard;
			sourceTree = "<group>";
		};
/* End PBXVariantGroup section */

/* Begin XCBuildConfiguration section */
		6987FA0E242EF86A0090E206 /* Debug */ = {
			isa = XCBuildConfiguration;
			buildSettings = {
				ALWAYS_SEARCH_USER_PATHS = NO;
				CLANG_ANALYZER_NONNULL = YES;
				CLANG_ANALYZER_NUMBER_OBJECT_CONVERSION = YES_AGGRESSIVE;
				CLANG_CXX_LANGUAGE_STANDARD = "gnu++14";
				CLANG_CXX_LIBRARY = "libc++";
				CLANG_ENABLE_MODULES = YES;
				CLANG_ENABLE_OBJC_ARC = YES;
				CLANG_ENABLE_OBJC_WEAK = YES;
				CLANG_WARN_BLOCK_CAPTURE_AUTORELEASING = YES;
				CLANG_WARN_BOOL_CONVERSION = YES;
				CLANG_WARN_COMMA = YES;
				CLANG_WARN_CONSTANT_CONVERSION = YES;
				CLANG_WARN_DEPRECATED_OBJC_IMPLEMENTATIONS = YES;
				CLANG_WARN_DIRECT_OBJC_ISA_USAGE = YES_ERROR;
				CLANG_WARN_DOCUMENTATION_COMMENTS = YES;
				CLANG_WARN_EMPTY_BODY = YES;
				CLANG_WARN_ENUM_CONVERSION = YES;
				CLANG_WARN_INFINITE_RECURSION = YES;
				CLANG_WARN_INT_CONVERSION = YES;
				CLANG_WARN_NON_LITERAL_NULL_CONVERSION = YES;
				CLANG_WARN_OBJC_IMPLICIT_RETAIN_SELF = YES;
				CLANG_WARN_OBJC_LITERAL_CONVERSION = YES;
				CLANG_WARN_OBJC_ROOT_CLASS = YES_ERROR;
				CLANG_WARN_RANGE_LOOP_ANALYSIS = YES;
				CLANG_WARN_STRICT_PROTOTYPES = YES;
				CLANG_WARN_SUSPICIOUS_MOVE = YES;
				CLANG_WARN_UNGUARDED_AVAILABILITY = YES_AGGRESSIVE;
				CLANG_WARN_UNREACHABLE_CODE = YES;
				CLANG_WARN__DUPLICATE_METHOD_MATCH = YES;
				COPY_PHASE_STRIP = NO;
				DEBUG_INFORMATION_FORMAT = dwarf;
				ENABLE_STRICT_OBJC_MSGSEND = YES;
				ENABLE_TESTABILITY = YES;
				GCC_C_LANGUAGE_STANDARD = gnu11;
				GCC_DYNAMIC_NO_PIC = NO;
				GCC_NO_COMMON_BLOCKS = YES;
				GCC_OPTIMIZATION_LEVEL = 0;
				GCC_PREPROCESSOR_DEFINITIONS = (
					"DEBUG=1",
					"$(inherited)",
				);
				GCC_WARN_64_TO_32_BIT_CONVERSION = YES;
				GCC_WARN_ABOUT_RETURN_TYPE = YES_ERROR;
				GCC_WARN_UNDECLARED_SELECTOR = YES;
				GCC_WARN_UNINITIALIZED_AUTOS = YES_AGGRESSIVE;
				GCC_WARN_UNUSED_FUNCTION = YES;
				GCC_WARN_UNUSED_VARIABLE = YES;
				IPHONEOS_DEPLOYMENT_TARGET = 13.2;
				MTL_ENABLE_DEBUG_INFO = INCLUDE_SOURCE;
				MTL_FAST_MATH = YES;
				ONLY_ACTIVE_ARCH = YES;
				SDKROOT = iphoneos;
				SWIFT_ACTIVE_COMPILATION_CONDITIONS = DEBUG;
				SWIFT_OPTIMIZATION_LEVEL = "-Onone";
			};
			name = Debug;
		};
		6987FA0F242EF86A0090E206 /* Release */ = {
			isa = XCBuildConfiguration;
			buildSettings = {
				ALWAYS_SEARCH_USER_PATHS = NO;
				CLANG_ANALYZER_NONNULL = YES;
				CLANG_ANALYZER_NUMBER_OBJECT_CONVERSION = YES_AGGRESSIVE;
				CLANG_CXX_LANGUAGE_STANDARD = "gnu++14";
				CLANG_CXX_LIBRARY = "libc++";
				CLANG_ENABLE_MODULES = YES;
				CLANG_ENABLE_OBJC_ARC = YES;
				CLANG_ENABLE_OBJC_WEAK = YES;
				CLANG_WARN_BLOCK_CAPTURE_AUTORELEASING = YES;
				CLANG_WARN_BOOL_CONVERSION = YES;
				CLANG_WARN_COMMA = YES;
				CLANG_WARN_CONSTANT_CONVERSION = YES;
				CLANG_WARN_DEPRECATED_OBJC_IMPLEMENTATIONS = YES;
				CLANG_WARN_DIRECT_OBJC_ISA_USAGE = YES_ERROR;
				CLANG_WARN_DOCUMENTATION_COMMENTS = YES;
				CLANG_WARN_EMPTY_BODY = YES;
				CLANG_WARN_ENUM_CONVERSION = YES;
				CLANG_WARN_INFINITE_RECURSION = YES;
				CLANG_WARN_INT_CONVERSION = YES;
				CLANG_WARN_NON_LITERAL_NULL_CONVERSION = YES;
				CLANG_WARN_OBJC_IMPLICIT_RETAIN_SELF = YES;
				CLANG_WARN_OBJC_LITERAL_CONVERSION = YES;
				CLANG_WARN_OBJC_ROOT_CLASS = YES_ERROR;
				CLANG_WARN_RANGE_LOOP_ANALYSIS = YES;
				CLANG_WARN_STRICT_PROTOTYPES = YES;
				CLANG_WARN_SUSPICIOUS_MOVE = YES;
				CLANG_WARN_UNGUARDED_AVAILABILITY = YES_AGGRESSIVE;
				CLANG_WARN_UNREACHABLE_CODE = YES;
				CLANG_WARN__DUPLICATE_METHOD_MATCH = YES;
				COPY_PHASE_STRIP = NO;
				DEBUG_INFORMATION_FORMAT = "dwarf-with-dsym";
				ENABLE_NS_ASSERTIONS = NO;
				ENABLE_STRICT_OBJC_MSGSEND = YES;
				GCC_C_LANGUAGE_STANDARD = gnu11;
				GCC_NO_COMMON_BLOCKS = YES;
				GCC_WARN_64_TO_32_BIT_CONVERSION = YES;
				GCC_WARN_ABOUT_RETURN_TYPE = YES_ERROR;
				GCC_WARN_UNDECLARED_SELECTOR = YES;
				GCC_WARN_UNINITIALIZED_AUTOS = YES_AGGRESSIVE;
				GCC_WARN_UNUSED_FUNCTION = YES;
				GCC_WARN_UNUSED_VARIABLE = YES;
				IPHONEOS_DEPLOYMENT_TARGET = 13.2;
				MTL_ENABLE_DEBUG_INFO = NO;
				MTL_FAST_MATH = YES;
				SDKROOT = iphoneos;
				SWIFT_COMPILATION_MODE = wholemodule;
				SWIFT_OPTIMIZATION_LEVEL = "-O";
				VALIDATE_PRODUCT = YES;
			};
			name = Release;
		};
		6987FA11242EF86A0090E206 /* Debug */ = {
			isa = XCBuildConfiguration;
			baseConfigurationReference = 26117A273B6C1FC6096E3ED9 /* Pods-IGListExample.debug.xcconfig */;
			buildSettings = {
				ASSETCATALOG_COMPILER_APPICON_NAME = AppIcon;
				CODE_SIGN_STYLE = Automatic;
				DEVELOPMENT_TEAM = VYK2652W29;
				INFOPLIST_FILE = IGListExample/Info.plist;
				IPHONEOS_DEPLOYMENT_TARGET = 12.0;
				LD_RUNPATH_SEARCH_PATHS = (
					"$(inherited)",
					"@executable_path/Frameworks",
				);
				PRODUCT_BUNDLE_IDENTIFIER = com.pesanmerpati.IGListExample;
				PRODUCT_NAME = "$(TARGET_NAME)";
				SWIFT_VERSION = 5.0;
				TARGETED_DEVICE_FAMILY = 1;
			};
			name = Debug;
		};
		6987FA12242EF86A0090E206 /* Release */ = {
			isa = XCBuildConfiguration;
			baseConfigurationReference = B108D72D0872C001F28F98B9 /* Pods-IGListExample.release.xcconfig */;
			buildSettings = {
				ASSETCATALOG_COMPILER_APPICON_NAME = AppIcon;
				CODE_SIGN_STYLE = Automatic;
				DEVELOPMENT_TEAM = VYK2652W29;
				INFOPLIST_FILE = IGListExample/Info.plist;
				IPHONEOS_DEPLOYMENT_TARGET = 12.0;
				LD_RUNPATH_SEARCH_PATHS = (
					"$(inherited)",
					"@executable_path/Frameworks",
				);
				PRODUCT_BUNDLE_IDENTIFIER = com.pesanmerpati.IGListExample;
				PRODUCT_NAME = "$(TARGET_NAME)";
				SWIFT_VERSION = 5.0;
				TARGETED_DEVICE_FAMILY = 1;
			};
			name = Release;
		};
/* End XCBuildConfiguration section */

/* Begin XCConfigurationList section */
		6987F9F7242EF8640090E206 /* Build configuration list for PBXProject "IGListExample" */ = {
			isa = XCConfigurationList;
			buildConfigurations = (
				6987FA0E242EF86A0090E206 /* Debug */,
				6987FA0F242EF86A0090E206 /* Release */,
			);
			defaultConfigurationIsVisible = 0;
			defaultConfigurationName = Release;
		};
		6987FA10242EF86A0090E206 /* Build configuration list for PBXNativeTarget "IGListExample" */ = {
			isa = XCConfigurationList;
			buildConfigurations = (
				6987FA11242EF86A0090E206 /* Debug */,
				6987FA12242EF86A0090E206 /* Release */,
			);
			defaultConfigurationIsVisible = 0;
			defaultConfigurationName = Release;
		};
/* End XCConfigurationList section */
	};
	rootObject = 6987F9F4242EF8640090E206 /* Project object */;
}
