// !$*UTF8*$!
{
	archiveVersion = 1;
	classes = {
	};
	objectVersion = 50;
	objects = {

/* Begin PBXBuildFile section */
		1B5F59A04AFED12DA114D0EF /* Pods_IGListExample.framework in Frameworks */ = {isa = PBXBuildFile; fileRef = 767FDDB8691D39B3A95FD42E /* Pods_IGListExample.framework */; };
		6987FA00242EF8640090E206 /* AppDelegate.swift in Sources */ = {isa = PBXBuildFile; fileRef = 6987F9FF242EF8640090E206 /* AppDelegate.swift */; };
		6987FA02242EF8640090E206 /* SceneDelegate.swift in Sources */ = {isa = PBXBuildFile; fileRef = 6987FA01242EF8640090E206 /* SceneDelegate.swift */; };
		6987FA09242EF86A0090E206 /* Assets.xcassets in Resources */ = {isa = PBXBuildFile; fileRef = 6987FA08242EF86A0090E206 /* Assets.xcassets */; };
		6987FA0C242EF86A0090E206 /* LaunchScreen.storyboard in Resources */ = {isa = PBXBuildFile; fileRef = 6987FA0A242EF86A0090E206 /* LaunchScreen.storyboard */; };
		6987FA14242EFB300090E206 /* MainViewController.swift in Sources */ = {isa = PBXBuildFile; fileRef = 6987FA13242EFB300090E206 /* MainViewController.swift */; };
/* End PBXBuildFile section */

/* Begin PBXFileReference section */
		26117A273B6C1FC6096E3ED9 /* Pods-IGListExample.debug.xcconfig */ = {isa = PBXFileReference; includeInIndex = 1; lastKnownFileType = text.xcconfig; name = "Pods-IGListExample.debug.xcconfig"; path = "Target Support Files/Pods-IGListExample/Pods-IGListExample.debug.xcconfig"; sourceTree = "<group>"; };
		6987F9FC242EF8640090E206 /* IGListExample.app */ = {isa = PBXFileReference; explicitFileType = wrapper.application; includeInIndex = 0; path = IGListExample.app; sourceTree = BUILT_PRODUCTS_DIR; };
		6987F9FF242EF8640090E206 /* AppDelegate.swift */ = {isa = PBXFileReference; lastKnownFileType = sourcecode.swift; path = AppDelegate.swift; sourceTree = "<group>"; };
		6987FA01242EF8640090E206 /* SceneDelegate.swift */ = {isa = PBXFileReference; lastKnownFileType = sourcecode.swift; path = SceneDelegate.swift; sourceTree = "<group>"; };
		6987FA08242EF86A0090E206 /* Assets.xcassets */ = {isa = PBXFileReference; lastKnownFileType = folder.assetcatalog; path = Assets.xcassets; sourceTree = "<group>"; };
		6987FA0B242EF86A0090E206 /* Base */ = {isa = PBXFileReference; lastKnownFileType = file.storyboard; name = Base; path = Base.lproj/LaunchScreen.storyboard; sourceTree = "<group>"; };
		6987FA0D242EF86A0090E206 /* Info.plist */ = {isa = PBXFileReference; lastKnownFileType = text.plist.xml; path = Info.plist; sourceTree = "<group>"; };
		6987FA13242EFB300090E206 /* MainViewController.swift */ = {isa = PBXFileReference; lastKnownFileType = sourcecode.swift; path = MainViewController.swift; sourceTree = "<group>"; };
		767FDDB8691D39B3A95FD42E /* Pods_IGListExample.framework */ = {isa = PBXFileReference; explicitFileType = wrapper.framework; includeInIndex = 0; path = Pods_IGListExample.framework; sourceTree = BUILT_PRODUCTS_DIR; };
		B108D72D0872C001F28F98B9 /* Pods-IGListExample.release.xcconfig */ = {isa = PBXFileReference; includeInIndex = 1; lastKnownFileType = text.xcconfig; name = "Pods-IGListExample.release.xcconfig"; path = "Target Support Files/Pods-IGListExample/Pods-IGListExample.release.xcconfig"; sourceTree = "<group>"; };
/* End PBXFileReference section */

/* Begin PBXFrameworksBuildPhase section */
		6987F9F9242EF8640090E206 /* Frameworks */ = {
			isa = PBXFrameworksBuildPhase;
			buildActionMask = 2147483647;
			files = (
				1B5F59A04AFED12DA114D0EF /* Pods_IGListExample.framework in Frameworks */,
			);
			runOnlyForDeploymentPostprocessing = 0;
		};
/* End PBXFrameworksBuildPhase section */

/* Begin PBXGroup section */
		43C7C21D2B45927570013EB4 /* Frameworks */ = {
			isa = PBXGroup;
			children = (
				767FDDB8691D39B3A95FD42E /* Pods_IGListExample.framework */,
			);
			name = Frameworks;
			sourceTree = "<group>";
		};
		6987F9F3242EF8640090E206 = {
			isa = PBXGroup;
			children = (
				6987F9FE242EF8640090E206 /* IGListExample */,
				6987F9FD242EF8640090E206 /* Products */,
				FF7A0E019D3953EDFCDB0272 /* Pods */,
				43C7C21D2B45927570013EB4 /* Frameworks */,
			);
			sourceTree = "<group>";
		};
		6987F9FD242EF8640090E206 /* Products */ = {
			isa = PBXGroup;
			children = (
				6987F9FC242EF8640090E206 /* IGListExample.app */,
			);
			name = Products;
			sourceTree = "<group>";
		};
		6987F9FE242EF8640090E206 /* IGListExample */ = {
			isa = PBXGroup;
			children = (
				6987FA15242EFB500090E206 /* ViewControllers */,
				6987F9FF242EF8640090E206 /* AppDelegate.swift */,
				6987FA01242EF8640090E206 /* SceneDelegate.swift */,
				6987FA08242EF86A0090E206 /* Assets.xcassets */,
				6987FA0A242EF86A0090E206 /* LaunchScreen.storyboard */,
				6987FA0D242EF86A0090E206 /* Info.plist */,
			);
			path = IGListExample;
			sourceTree = "<group>";
		};
		6987FA15242EFB500090E206 /* ViewControllers */ = {
			isa = PBXGroup;
			children = (
				6987FA13242EFB300090E206 /* MainViewController.swift */,
			);
			path = ViewControllers;
			sourceTree = "<group>";
		};
		FF7A0E019D3953EDFCDB0272 /* Pods */ = {
			isa = PBXGroup;
			children = (
				26117A273B6C1FC6096E3ED9 /* Pods-IGListExample.debug.xcconfig */,
				B108D72D0872C001F28F98B9 /* Pods-IGListExample.release.xcconfig */,
			);
			name = Pods;
			path = Pods;
			sourceTree = "<group>";
		};
/* End PBXGroup section */

/* Begin PBXNativeTarget section */
		6987F9FB242EF8640090E206 /* IGListExample */ = {
			isa = PBXNativeTarget;
			buildConfigurationList = 6987FA10242EF86A0090E206 /* Build configuration list for PBXNativeTarget "IGListExample" */;
			buildPhases = (
				6CE32F0337FC071137A90699 /* [CP] Check Pods Manifest.lock */,
				6987F9F8242EF8640090E206 /* Sources */,
				6987F9F9242EF8640090E206 /* Frameworks */,
				6987F9FA242EF8640090E206 /* Resources */,
				080FF64A19DD5F76270CEB48 /* [CP] Embed Pods Frameworks */,
			);
			buildRules = (
			);
			dependencies = (
			);
			name = IGListExample;
			productName = IGListExample;
			productReference = 6987F9FC242EF8640090E206 /* IGListExample.app */;
			productType = "com.apple.product-type.application";
		};
/* End PBXNativeTarget section */

/* Begin PBXProject section */
		6987F9F4242EF8640090E206 /* Project object */ = {
			isa = PBXProject;
			attributes = {
				LastSwiftUpdateCheck = 1130;
				LastUpgradeCheck = 1130;
				ORGANIZATIONNAME = Rohmts;
				TargetAttributes = {
					6987F9FB242EF8640090E206 = {
						CreatedOnToolsVersion = 11.3.1;
					};
				};
			};
			buildConfigurationList = 6987F9F7242EF8640090E206 /* Build configuration list for PBXProject "IGListExample" */;
			compatibilityVersion = "Xcode 9.3";
			developmentRegion = en;
			hasScannedForEncodings = 0;
			knownRegions = (
				en,
				Base,
			);
			mainGroup = 6987F9F3242EF8640090E206;
			productRefGroup = 6987F9FD242EF8640090E206 /* Products */;
			projectDirPath = "";
			projectRoot = "";
			targets = (
				6987F9FB242EF8640090E206 /* IGListExample */,
			);
		};
/* End PBXProject section */

/* Begin PBXResourcesBuildPhase section */
		6987F9FA242EF8640090E206 /* Resources */ = {
			isa = PBXResourcesBuildPhase;
			buildActionMask = 2147483647;
			files = (
				6987FA0C242EF86A0090E206 /* LaunchScreen.storyboard in Resources */,
				6987FA09242EF86A0090E206 /* Assets.xcassets in Resources */,
			);
			runOnlyForDeploymentPostprocessing = 0;
		};
/* End PBXResourcesBuildPhase section */

/* Begin PBXShellScriptBuildPhase section */
		080FF64A19DD5F76270CEB48 /* [CP] Embed Pods Frameworks */ = {
			isa = PBXShellScriptBuildPhase;
			buildActionMask = 2147483647;
			files = (
			);
			inputFileListPaths = (
				"${PODS_ROOT}/Target Support Files/Pods-IGListExample/Pods-IGListExample-frameworks-${CONFIGURATION}-input-files.xcfilelist",
			);
			name = "[CP] Embed Pods Frameworks";
			outputFileListPaths = (
				"${PODS_ROOT}/Target Support Files/Pods-IGListExample/Pods-IGListExample-frameworks-${CONFIGURATION}-output-files.xcfilelist",
			);
			runOnlyForDeploymentPostprocessing = 0;
			shellPath = /bin/sh;
			shellScript = "\"${PODS_ROOT}/Target Support Files/Pods-IGListExample/Pods-IGListExample-frameworks.sh\"\n";
			showEnvVarsInLog = 0;
		};
		6CE32F0337FC071137A90699 /* [CP] Check Pods Manifest.lock */ = {
			isa = PBXShellScriptBuildPhase;
			buildActionMask = 2147483647;
			files = (
			);
			inputFileListPaths = (
			);
			inputPaths = (
				"${PODS_PODFILE_DIR_PATH}/Podfile.lock",
				"${PODS_ROOT}/Manifest.lock",
			);
			name = "[CP] Check Pods Manifest.lock";
			outputFileListPaths = (
			);
			outputPaths = (
				"$(DERIVED_FILE_DIR)/Pods-IGListExample-checkManifestLockResult.txt",
			);
			runOnlyForDeploymentPostprocessing = 0;
			shellPath = /bin/sh;
			shellScript = "diff \"${PODS_PODFILE_DIR_PATH}/Podfile.lock\" \"${PODS_ROOT}/Manifest.lock\" > /dev/null\nif [ $? != 0 ] ; then\n    # print error to STDERR\n    echo \"error: The sandbox is not in sync with the Podfile.lock. Run 'pod install' or update your CocoaPods installation.\" >&2\n    exit 1\nfi\n# This output is used by Xcode 'outputs' to avoid re-running this script phase.\necho \"SUCCESS\" > \"${SCRIPT_OUTPUT_FILE_0}\"\n";
			showEnvVarsInLog = 0;
		};
/* End PBXShellScriptBuildPhase section */

/* Begin PBXSourcesBuildPhase section */
		6987F9F8242EF8640090E206 /* Sources */ = {
			isa = PBXSourcesBuildPhase;
			buildActionMask = 2147483647;
			files = (
				6987FA14242EFB300090E206 /* MainViewController.swift in Sources */,
				6987FA00242EF8640090E206 /* AppDelegate.swift in Sources */,
				6987FA02242EF8640090E206 /* SceneDelegate.swift in Sources */,
			);
			runOnlyForDeploymentPostprocessing = 0;
		};
/* End PBXSourcesBuildPhase section */

/* Begin PBXVariantGroup section */
		6987FA0A242EF86A0090E206 /* LaunchScreen.storyboard */ = {
			isa = PBXVariantGroup;
			children = (
				6987FA0B242EF86A0090E206 /* Base */,
			);
			name = LaunchScreen.storyboard;
			sourceTree = "<group>";
		};
/* End PBXVariantGroup section */

/* Begin XCBuildConfiguration section */
		6987FA0E242EF86A0090E206 /* Debug */ = {
			isa = XCBuildConfiguration;
			buildSettings = {
				ALWAYS_SEARCH_USER_PATHS = NO;
				CLANG_ANALYZER_NONNULL = YES;
				CLANG_ANALYZER_NUMBER_OBJECT_CONVERSION = YES_AGGRESSIVE;
				CLANG_CXX_LANGUAGE_STANDARD = "gnu++14";
				CLANG_CXX_LIBRARY = "libc++";
				CLANG_ENABLE_MODULES = YES;
				CLANG_ENABLE_OBJC_ARC = YES;
				CLANG_ENABLE_OBJC_WEAK = YES;
				CLANG_WARN_BLOCK_CAPTURE_AUTORELEASING = YES;
				CLANG_WARN_BOOL_CONVERSION = YES;
				CLANG_WARN_COMMA = YES;
				CLANG_WARN_CONSTANT_CONVERSION = YES;
				CLANG_WARN_DEPRECATED_OBJC_IMPLEMENTATIONS = YES;
				CLANG_WARN_DIRECT_OBJC_ISA_USAGE = YES_ERROR;
				CLANG_WARN_DOCUMENTATION_COMMENTS = YES;
				CLANG_WARN_EMPTY_BODY = YES;
				CLANG_WARN_ENUM_CONVERSION = YES;
				CLANG_WARN_INFINITE_RECURSION = YES;
				CLANG_WARN_INT_CONVERSION = YES;
				CLANG_WARN_NON_LITERAL_NULL_CONVERSION = YES;
				CLANG_WARN_OBJC_IMPLICIT_RETAIN_SELF = YES;
				CLANG_WARN_OBJC_LITERAL_CONVERSION = YES;
				CLANG_WARN_OBJC_ROOT_CLASS = YES_ERROR;
				CLANG_WARN_RANGE_LOOP_ANALYSIS = YES;
				CLANG_WARN_STRICT_PROTOTYPES = YES;
				CLANG_WARN_SUSPICIOUS_MOVE = YES;
				CLANG_WARN_UNGUARDED_AVAILABILITY = YES_AGGRESSIVE;
				CLANG_WARN_UNREACHABLE_CODE = YES;
				CLANG_WARN__DUPLICATE_METHOD_MATCH = YES;
				COPY_PHASE_STRIP = NO;
				DEBUG_INFORMATION_FORMAT = dwarf;
				ENABLE_STRICT_OBJC_MSGSEND = YES;
				ENABLE_TESTABILITY = YES;
				GCC_C_LANGUAGE_STANDARD = gnu11;
				GCC_DYNAMIC_NO_PIC = NO;
				GCC_NO_COMMON_BLOCKS = YES;
				GCC_OPTIMIZATION_LEVEL = 0;
				GCC_PREPROCESSOR_DEFINITIONS = (
					"DEBUG=1",
					"$(inherited)",
				);
				GCC_WARN_64_TO_32_BIT_CONVERSION = YES;
				GCC_WARN_ABOUT_RETURN_TYPE = YES_ERROR;
				GCC_WARN_UNDECLARED_SELECTOR = YES;
				GCC_WARN_UNINITIALIZED_AUTOS = YES_AGGRESSIVE;
				GCC_WARN_UNUSED_FUNCTION = YES;
				GCC_WARN_UNUSED_VARIABLE = YES;
				IPHONEOS_DEPLOYMENT_TARGET = 13.2;
				MTL_ENABLE_DEBUG_INFO = INCLUDE_SOURCE;
				MTL_FAST_MATH = YES;
				ONLY_ACTIVE_ARCH = YES;
				SDKROOT = iphoneos;
				SWIFT_ACTIVE_COMPILATION_CONDITIONS = DEBUG;
				SWIFT_OPTIMIZATION_LEVEL = "-Onone";
			};
			name = Debug;
		};
		6987FA0F242EF86A0090E206 /* Release */ = {
			isa = XCBuildConfiguration;
			buildSettings = {
				ALWAYS_SEARCH_USER_PATHS = NO;
				CLANG_ANALYZER_NONNULL = YES;
				CLANG_ANALYZER_NUMBER_OBJECT_CONVERSION = YES_AGGRESSIVE;
				CLANG_CXX_LANGUAGE_STANDARD = "gnu++14";
				CLANG_CXX_LIBRARY = "libc++";
				CLANG_ENABLE_MODULES = YES;
				CLANG_ENABLE_OBJC_ARC = YES;
				CLANG_ENABLE_OBJC_WEAK = YES;
				CLANG_WARN_BLOCK_CAPTURE_AUTORELEASING = YES;
				CLANG_WARN_BOOL_CONVERSION = YES;
				CLANG_WARN_COMMA = YES;
				CLANG_WARN_CONSTANT_CONVERSION = YES;
				CLANG_WARN_DEPRECATED_OBJC_IMPLEMENTATIONS = YES;
				CLANG_WARN_DIRECT_OBJC_ISA_USAGE = YES_ERROR;
				CLANG_WARN_DOCUMENTATION_COMMENTS = YES;
				CLANG_WARN_EMPTY_BODY = YES;
				CLANG_WARN_ENUM_CONVERSION = YES;
				CLANG_WARN_INFINITE_RECURSION = YES;
				CLANG_WARN_INT_CONVERSION = YES;
				CLANG_WARN_NON_LITERAL_NULL_CONVERSION = YES;
				CLANG_WARN_OBJC_IMPLICIT_RETAIN_SELF = YES;
				CLANG_WARN_OBJC_LITERAL_CONVERSION = YES;
				CLANG_WARN_OBJC_ROOT_CLASS = YES_ERROR;
				CLANG_WARN_RANGE_LOOP_ANALYSIS = YES;
				CLANG_WARN_STRICT_PROTOTYPES = YES;
				CLANG_WARN_SUSPICIOUS_MOVE = YES;
				CLANG_WARN_UNGUARDED_AVAILABILITY = YES_AGGRESSIVE;
				CLANG_WARN_UNREACHABLE_CODE = YES;
				CLANG_WARN__DUPLICATE_METHOD_MATCH = YES;
				COPY_PHASE_STRIP = NO;
				DEBUG_INFORMATION_FORMAT = "dwarf-with-dsym";
				ENABLE_NS_ASSERTIONS = NO;
				ENABLE_STRICT_OBJC_MSGSEND = YES;
				GCC_C_LANGUAGE_STANDARD = gnu11;
				GCC_NO_COMMON_BLOCKS = YES;
				GCC_WARN_64_TO_32_BIT_CONVERSION = YES;
				GCC_WARN_ABOUT_RETURN_TYPE = YES_ERROR;
				GCC_WARN_UNDECLARED_SELECTOR = YES;
				GCC_WARN_UNINITIALIZED_AUTOS = YES_AGGRESSIVE;
				GCC_WARN_UNUSED_FUNCTION = YES;
				GCC_WARN_UNUSED_VARIABLE = YES;
				IPHONEOS_DEPLOYMENT_TARGET = 13.2;
				MTL_ENABLE_DEBUG_INFO = NO;
				MTL_FAST_MATH = YES;
				SDKROOT = iphoneos;
				SWIFT_COMPILATION_MODE = wholemodule;
				SWIFT_OPTIMIZATION_LEVEL = "-O";
				VALIDATE_PRODUCT = YES;
			};
			name = Release;
		};
		6987FA11242EF86A0090E206 /* Debug */ = {
			isa = XCBuildConfiguration;
			baseConfigurationReference = 26117A273B6C1FC6096E3ED9 /* Pods-IGListExample.debug.xcconfig */;
			buildSettings = {
				ASSETCATALOG_COMPILER_APPICON_NAME = AppIcon;
				CODE_SIGN_STYLE = Automatic;
				DEVELOPMENT_TEAM = VYK2652W29;
				INFOPLIST_FILE = IGListExample/Info.plist;
				IPHONEOS_DEPLOYMENT_TARGET = 12.0;
				LD_RUNPATH_SEARCH_PATHS = (
					"$(inherited)",
					"@executable_path/Frameworks",
				);
				PRODUCT_BUNDLE_IDENTIFIER = com.pesanmerpati.IGListExample;
				PRODUCT_NAME = "$(TARGET_NAME)";
				SWIFT_VERSION = 5.0;
				TARGETED_DEVICE_FAMILY = 1;
			};
			name = Debug;
		};
		6987FA12242EF86A0090E206 /* Release */ = {
			isa = XCBuildConfiguration;
			baseConfigurationReference = B108D72D0872C001F28F98B9 /* Pods-IGListExample.release.xcconfig */;
			buildSettings = {
				ASSETCATALOG_COMPILER_APPICON_NAME = AppIcon;
				CODE_SIGN_STYLE = Automatic;
				DEVELOPMENT_TEAM = VYK2652W29;
				INFOPLIST_FILE = IGListExample/Info.plist;
				IPHONEOS_DEPLOYMENT_TARGET = 12.0;
				LD_RUNPATH_SEARCH_PATHS = (
					"$(inherited)",
					"@executable_path/Frameworks",
				);
				PRODUCT_BUNDLE_IDENTIFIER = com.pesanmerpati.IGListExample;
				PRODUCT_NAME = "$(TARGET_NAME)";
				SWIFT_VERSION = 5.0;
				TARGETED_DEVICE_FAMILY = 1;
			};
			name = Release;
		};
/* End XCBuildConfiguration section */

/* Begin XCConfigurationList section */
		6987F9F7242EF8640090E206 /* Build configuration list for PBXProject "IGListExample" */ = {
			isa = XCConfigurationList;
			buildConfigurations = (
				6987FA0E242EF86A0090E206 /* Debug */,
				6987FA0F242EF86A0090E206 /* Release */,
			);
			defaultConfigurationIsVisible = 0;
			defaultConfigurationName = Release;
		};
		6987FA10242EF86A0090E206 /* Build configuration list for PBXNativeTarget "IGListExample" */ = {
			isa = XCConfigurationList;
			buildConfigurations = (
				6987FA11242EF86A0090E206 /* Debug */,
				6987FA12242EF86A0090E206 /* Release */,
			);
			defaultConfigurationIsVisible = 0;
			defaultConfigurationName = Release;
		};
/* End XCConfigurationList section */
	};
	rootObject = 6987F9F4242EF8640090E206 /* Project object */;
}
