PODS:
  - IGListDiffKit (4.0.0)
  - IGListKit (4.0.0):
    - IGListDiffKit (= 4.0.0)
  - R.swift (5.0.0):
    - R.swift.Library (~> 5.0.0)
  - R.swift.Library (5.0.1)
  - SnapKit (5.0.1)

DEPENDENCIES:
  - IGListKit (~> 4.0.0)
  - R.swift (= 5.0.0)
  - SnapKit (~> 5.0.0)

SPEC REPOS:
  trunk:
    - IGListDiffKit
    - IGListKit
    - R.swift
    - R.swift.Library
    - SnapKit

SPEC CHECKSUMS:
  IGListDiffKit: 665d6cf43ce726e676013db9c7d6c4294259b6b2
  IGListKit: fd5a5d21935298f5849fa49d426843cff97b77c7
  R.swift: f88c7d7d48a2be4dffa132dde1b3d389620310eb
  R.swift.Library: cfe85d569d9bae6cb262922db130e7c3a7a5fad1
  SnapKit: 97b92857e3df3a0c71833cce143274bf6ef8e5eb

PODFILE CHECKSUM: 34aace1329430e2c00b1bb8d39422652edd1e650

COCOAPODS: 1.8.4
